
Microsoft Visual Studio Solution File, Format Version 12.00
# Visual Studio Version 17
VisualStudioVersion = 17.0.31903.59
MinimumVisualStudioVersion = 10.0.40219.1
Project("{FAE04EC0-301F-11D3-BF4B-00C04F79EFBC}") = "Felipementel.NumeroDaSorte", "Felipementel.NumeroDaSorte\Felipementel.NumeroDaSorte.csproj", "{0FB6E372-6640-4647-911B-2568DFF6A149}"
EndProject
Global
	GlobalSection(SolutionConfigurationPlatforms) = preSolution
		Debug|Any CPU = Debug|Any CPU
		Release|Any CPU = Release|Any CPU
	EndGlobalSection
	GlobalSection(ProjectConfigurationPlatforms) = postSolution
		{0FB6E372-6640-4647-911B-2568DFF6A149}.Debug|Any CPU.ActiveCfg = Debug|Any CPU
		{0FB6E372-6640-4647-911B-2568DFF6A149}.Debug|Any CPU.Build.0 = Debug|Any CPU
		{0FB6E372-6640-4647-911B-2568DFF6A149}.Release|Any CPU.ActiveCfg = Release|Any CPU
		{0FB6E372-6640-4647-911B-2568DFF6A149}.Release|Any CPU.Build.0 = Release|Any CPU
	EndGlobalSection
	GlobalSection(SolutionProperties) = preSolution
		HideSolutionNode = FALSE
	EndGlobalSection
	GlobalSection(ExtensibilityGlobals) = postSolution
		SolutionGuid = {18E668B7-C1A0-439D-B385-DF69FE9FA563}
	EndGlobalSection
EndGlobal
