
Microsoft Visual Studio Solution File, Format Version 12.00
# Visual Studio Version 17
VisualStudioVersion = 17.0.31903.59
MinimumVisualStudioVersion = 10.0.40219.1
Project("{9A19103F-16F7-4668-BE54-9A1E7A4F7556}") = "AzureNaPratica.Serverless.Function", "AzureNaPratica.Serverless.Function\AzureNaPratica.Serverless.Function.csproj", "{C23208E8-8311-47F7-A4AC-66F759C149B8}"
EndProject
Project("{2150E333-8FDC-42A3-9474-1A3956D46DE8}") = "1-AppService", "1-AppService", "{7484D486-D77A-450F-ADCC-36F4DE7359FA}"
EndProject
Project("{2150E333-8FDC-42A3-9474-1A3956D46DE8}") = "2-Application", "2-Application", "{99D0C765-8284-4B4D-B2DC-91DABAE54941}"
EndProject
Project("{2150E333-8FDC-42A3-9474-1A3956D46DE8}") = "3-Domain", "3-Domain", "{EB136E01-D3A8-4E90-ABFC-AC2621B93E45}"
EndProject
Project("{2150E333-8FDC-42A3-9474-1A3956D46DE8}") = "4-Infra", "4-Infra", "{817C4CB2-0561-4EDE-8568-2F5E87773173}"
EndProject
Project("{2150E333-8FDC-42A3-9474-1A3956D46DE8}") = "6-Test", "6-Test", "{06F843DE-2D99-464F-AC3C-F87BB3C81DA0}"
EndProject
Project("{9A19103F-16F7-4668-BE54-9A1E7A4F7556}") = "AzureNaPratica.Serverless.Domain", "AzureNaPratica.Serverless.Domain\AzureNaPratica.Serverless.Domain.csproj", "{A04E6FE7-16FD-4265-A7BD-F79F3A2B41E3}"
EndProject
Project("{9A19103F-16F7-4668-BE54-9A1E7A4F7556}") = "AzureNaPratica.Serverless.Domain.Tests", "Tests\AzureNaPratica.Serverless.Domain.Tests\AzureNaPratica.Serverless.Domain.Tests.csproj", "{888ACBE8-9CFA-47F4-9C2F-09CDFE4E9EF6}"
EndProject
Project("{2150E333-8FDC-42A3-9474-1A3956D46DE8}") = "4.1-CrossCutting", "4.1-CrossCutting", "{FD7799DB-9DC9-47E9-86DA-CF25E9EEE714}"
EndProject
Project("{2150E333-8FDC-42A3-9474-1A3956D46DE8}") = "4.2-Database", "4.2-Database", "{4372CEA9-C041-4862-9BC5-B5DB92E374FD}"
EndProject
Project("{2150E333-8FDC-42A3-9474-1A3956D46DE8}") = "4.3-HttpServices", "4.3-HttpServices", "{8529C3C1-BC01-4DA7-9D78-9593C167F2F2}"
EndProject
Project("{2150E333-8FDC-42A3-9474-1A3956D46DE8}") = "4.4-MessageBroker", "4.4-MessageBroker", "{C7CC61FC-3476-4A09-B025-93B7B50A4A74}"
EndProject
Project("{9A19103F-16F7-4668-BE54-9A1E7A4F7556}") = "AzureNaPratica.Serverless.Application", "AzureNaPratica.Serverless.Application\AzureNaPratica.Serverless.Application.csproj", "{B4843465-CC0A-4429-A957-6F23DEF4508F}"
EndProject
Project("{2150E333-8FDC-42A3-9474-1A3956D46DE8}") = "5-Util", "5-Util", "{15375A24-8D9A-4493-AC3A-517256BC20EE}"
EndProject
Project("{2150E333-8FDC-42A3-9474-1A3956D46DE8}") = "Domain", "Domain", "{BF94045D-C98F-4F61-928B-CA1FE0409B0D}"
EndProject
Project("{9A19103F-16F7-4668-BE54-9A1E7A4F7556}") = "AzureNaPratica.Serverless.Infra.CrossCutting", "AzureNaPratica.Serverless.Infra.CrossCutting\AzureNaPratica.Serverless.Infra.CrossCutting.csproj", "{952C38E0-E895-4EC9-AD70-841EEAA4AC88}"
EndProject
Project("{9A19103F-16F7-4668-BE54-9A1E7A4F7556}") = "AzureNaPratica.Serverless.Infra.Database", "AzureNaPratica.Serverless.Infra.Database\AzureNaPratica.Serverless.Infra.Database.csproj", "{AA91E899-E9B2-4D81-819D-43128BC74D03}"
EndProject
Project("{9A19103F-16F7-4668-BE54-9A1E7A4F7556}") = "AzureNaPratica.Serverless.Util", "AzureNaPratica.Serverless.Util\AzureNaPratica.Serverless.Util.csproj", "{37DE8EFD-5DCB-4C4C-B44A-AC72A6105D36}"
EndProject
Project("{9A19103F-16F7-4668-BE54-9A1E7A4F7556}") = "AzureNaPratica.Serverless.Infra.MessageBroker", "AzureNaPratica.Serverless.Infra.MessageBroker\AzureNaPratica.Serverless.Infra.MessageBroker.csproj", "{3014C322-8DF7-41DE-8318-0CADC312DD00}"
EndProject
Project("{FAE04EC0-301F-11D3-BF4B-00C04F79EFBC}") = "AzureNaPratica.Serverless.HttpService", "AzureNaPratica.Serverless.HttpService\AzureNaPratica.Serverless.HttpService.csproj", "{2B9FF089-B197-48FF-8D3D-7A1E695162FA}"
EndProject
Global
	GlobalSection(SolutionConfigurationPlatforms) = preSolution
		Debug|Any CPU = Debug|Any CPU
		Debug|x64 = Debug|x64
		Debug|x86 = Debug|x86
		Release|Any CPU = Release|Any CPU
		Release|x64 = Release|x64
		Release|x86 = Release|x86
	EndGlobalSection
	GlobalSection(ProjectConfigurationPlatforms) = postSolution
		{C23208E8-8311-47F7-A4AC-66F759C149B8}.Debug|Any CPU.ActiveCfg = Debug|Any CPU
		{C23208E8-8311-47F7-A4AC-66F759C149B8}.Debug|Any CPU.Build.0 = Debug|Any CPU
		{C23208E8-8311-47F7-A4AC-66F759C149B8}.Debug|x64.ActiveCfg = Debug|Any CPU
		{C23208E8-8311-47F7-A4AC-66F759C149B8}.Debug|x64.Build.0 = Debug|Any CPU
		{C23208E8-8311-47F7-A4AC-66F759C149B8}.Debug|x86.ActiveCfg = Debug|Any CPU
		{C23208E8-8311-47F7-A4AC-66F759C149B8}.Debug|x86.Build.0 = Debug|Any CPU
		{C23208E8-8311-47F7-A4AC-66F759C149B8}.Release|Any CPU.ActiveCfg = Release|Any CPU
		{C23208E8-8311-47F7-A4AC-66F759C149B8}.Release|Any CPU.Build.0 = Release|Any CPU
		{C23208E8-8311-47F7-A4AC-66F759C149B8}.Release|x64.ActiveCfg = Release|Any CPU
		{C23208E8-8311-47F7-A4AC-66F759C149B8}.Release|x64.Build.0 = Release|Any CPU
		{C23208E8-8311-47F7-A4AC-66F759C149B8}.Release|x86.ActiveCfg = Release|Any CPU
		{C23208E8-8311-47F7-A4AC-66F759C149B8}.Release|x86.Build.0 = Release|Any CPU
		{A04E6FE7-16FD-4265-A7BD-F79F3A2B41E3}.Debug|Any CPU.ActiveCfg = Debug|Any CPU
		{A04E6FE7-16FD-4265-A7BD-F79F3A2B41E3}.Debug|Any CPU.Build.0 = Debug|Any CPU
		{A04E6FE7-16FD-4265-A7BD-F79F3A2B41E3}.Debug|x64.ActiveCfg = Debug|Any CPU
		{A04E6FE7-16FD-4265-A7BD-F79F3A2B41E3}.Debug|x64.Build.0 = Debug|Any CPU
		{A04E6FE7-16FD-4265-A7BD-F79F3A2B41E3}.Debug|x86.ActiveCfg = Debug|Any CPU
		{A04E6FE7-16FD-4265-A7BD-F79F3A2B41E3}.Debug|x86.Build.0 = Debug|Any CPU
		{A04E6FE7-16FD-4265-A7BD-F79F3A2B41E3}.Release|Any CPU.ActiveCfg = Release|Any CPU
		{A04E6FE7-16FD-4265-A7BD-F79F3A2B41E3}.Release|Any CPU.Build.0 = Release|Any CPU
		{A04E6FE7-16FD-4265-A7BD-F79F3A2B41E3}.Release|x64.ActiveCfg = Release|Any CPU
		{A04E6FE7-16FD-4265-A7BD-F79F3A2B41E3}.Release|x64.Build.0 = Release|Any CPU
		{A04E6FE7-16FD-4265-A7BD-F79F3A2B41E3}.Release|x86.ActiveCfg = Release|Any CPU
		{A04E6FE7-16FD-4265-A7BD-F79F3A2B41E3}.Release|x86.Build.0 = Release|Any CPU
		{888ACBE8-9CFA-47F4-9C2F-09CDFE4E9EF6}.Debug|Any CPU.ActiveCfg = Debug|Any CPU
		{888ACBE8-9CFA-47F4-9C2F-09CDFE4E9EF6}.Debug|Any CPU.Build.0 = Debug|Any CPU
		{888ACBE8-9CFA-47F4-9C2F-09CDFE4E9EF6}.Debug|x64.ActiveCfg = Debug|Any CPU
		{888ACBE8-9CFA-47F4-9C2F-09CDFE4E9EF6}.Debug|x64.Build.0 = Debug|Any CPU
		{888ACBE8-9CFA-47F4-9C2F-09CDFE4E9EF6}.Debug|x86.ActiveCfg = Debug|Any CPU
		{888ACBE8-9CFA-47F4-9C2F-09CDFE4E9EF6}.Debug|x86.Build.0 = Debug|Any CPU
		{888ACBE8-9CFA-47F4-9C2F-09CDFE4E9EF6}.Release|Any CPU.ActiveCfg = Release|Any CPU
		{888ACBE8-9CFA-47F4-9C2F-09CDFE4E9EF6}.Release|Any CPU.Build.0 = Release|Any CPU
		{888ACBE8-9CFA-47F4-9C2F-09CDFE4E9EF6}.Release|x64.ActiveCfg = Release|Any CPU
		{888ACBE8-9CFA-47F4-9C2F-09CDFE4E9EF6}.Release|x64.Build.0 = Release|Any CPU
		{888ACBE8-9CFA-47F4-9C2F-09CDFE4E9EF6}.Release|x86.ActiveCfg = Release|Any CPU
		{888ACBE8-9CFA-47F4-9C2F-09CDFE4E9EF6}.Release|x86.Build.0 = Release|Any CPU
		{B4843465-CC0A-4429-A957-6F23DEF4508F}.Debug|Any CPU.ActiveCfg = Debug|Any CPU
		{B4843465-CC0A-4429-A957-6F23DEF4508F}.Debug|Any CPU.Build.0 = Debug|Any CPU
		{B4843465-CC0A-4429-A957-6F23DEF4508F}.Debug|x64.ActiveCfg = Debug|Any CPU
		{B4843465-CC0A-4429-A957-6F23DEF4508F}.Debug|x64.Build.0 = Debug|Any CPU
		{B4843465-CC0A-4429-A957-6F23DEF4508F}.Debug|x86.ActiveCfg = Debug|Any CPU
		{B4843465-CC0A-4429-A957-6F23DEF4508F}.Debug|x86.Build.0 = Debug|Any CPU
		{B4843465-CC0A-4429-A957-6F23DEF4508F}.Release|Any CPU.ActiveCfg = Release|Any CPU
		{B4843465-CC0A-4429-A957-6F23DEF4508F}.Release|Any CPU.Build.0 = Release|Any CPU
		{B4843465-CC0A-4429-A957-6F23DEF4508F}.Release|x64.ActiveCfg = Release|Any CPU
		{B4843465-CC0A-4429-A957-6F23DEF4508F}.Release|x64.Build.0 = Release|Any CPU
		{B4843465-CC0A-4429-A957-6F23DEF4508F}.Release|x86.ActiveCfg = Release|Any CPU
		{B4843465-CC0A-4429-A957-6F23DEF4508F}.Release|x86.Build.0 = Release|Any CPU
		{952C38E0-E895-4EC9-AD70-841EEAA4AC88}.Debug|Any CPU.ActiveCfg = Debug|Any CPU
		{952C38E0-E895-4EC9-AD70-841EEAA4AC88}.Debug|Any CPU.Build.0 = Debug|Any CPU
		{952C38E0-E895-4EC9-AD70-841EEAA4AC88}.Debug|x64.ActiveCfg = Debug|Any CPU
		{952C38E0-E895-4EC9-AD70-841EEAA4AC88}.Debug|x64.Build.0 = Debug|Any CPU
		{952C38E0-E895-4EC9-AD70-841EEAA4AC88}.Debug|x86.ActiveCfg = Debug|Any CPU
		{952C38E0-E895-4EC9-AD70-841EEAA4AC88}.Debug|x86.Build.0 = Debug|Any CPU
		{952C38E0-E895-4EC9-AD70-841EEAA4AC88}.Release|Any CPU.ActiveCfg = Release|Any CPU
		{952C38E0-E895-4EC9-AD70-841EEAA4AC88}.Release|Any CPU.Build.0 = Release|Any CPU
		{952C38E0-E895-4EC9-AD70-841EEAA4AC88}.Release|x64.ActiveCfg = Release|Any CPU
		{952C38E0-E895-4EC9-AD70-841EEAA4AC88}.Release|x64.Build.0 = Release|Any CPU
		{952C38E0-E895-4EC9-AD70-841EEAA4AC88}.Release|x86.ActiveCfg = Release|Any CPU
		{952C38E0-E895-4EC9-AD70-841EEAA4AC88}.Release|x86.Build.0 = Release|Any CPU
		{AA91E899-E9B2-4D81-819D-43128BC74D03}.Debug|Any CPU.ActiveCfg = Debug|Any CPU
		{AA91E899-E9B2-4D81-819D-43128BC74D03}.Debug|Any CPU.Build.0 = Debug|Any CPU
		{AA91E899-E9B2-4D81-819D-43128BC74D03}.Debug|x64.ActiveCfg = Debug|Any CPU
		{AA91E899-E9B2-4D81-819D-43128BC74D03}.Debug|x64.Build.0 = Debug|Any CPU
		{AA91E899-E9B2-4D81-819D-43128BC74D03}.Debug|x86.ActiveCfg = Debug|Any CPU
		{AA91E899-E9B2-4D81-819D-43128BC74D03}.Debug|x86.Build.0 = Debug|Any CPU
		{AA91E899-E9B2-4D81-819D-43128BC74D03}.Release|Any CPU.ActiveCfg = Release|Any CPU
		{AA91E899-E9B2-4D81-819D-43128BC74D03}.Release|Any CPU.Build.0 = Release|Any CPU
		{AA91E899-E9B2-4D81-819D-43128BC74D03}.Release|x64.ActiveCfg = Release|Any CPU
		{AA91E899-E9B2-4D81-819D-43128BC74D03}.Release|x64.Build.0 = Release|Any CPU
		{AA91E899-E9B2-4D81-819D-43128BC74D03}.Release|x86.ActiveCfg = Release|Any CPU
		{AA91E899-E9B2-4D81-819D-43128BC74D03}.Release|x86.Build.0 = Release|Any CPU
		{37DE8EFD-5DCB-4C4C-B44A-AC72A6105D36}.Debug|Any CPU.ActiveCfg = Debug|Any CPU
		{37DE8EFD-5DCB-4C4C-B44A-AC72A6105D36}.Debug|Any CPU.Build.0 = Debug|Any CPU
		{37DE8EFD-5DCB-4C4C-B44A-AC72A6105D36}.Debug|x64.ActiveCfg = Debug|Any CPU
		{37DE8EFD-5DCB-4C4C-B44A-AC72A6105D36}.Debug|x64.Build.0 = Debug|Any CPU
		{37DE8EFD-5DCB-4C4C-B44A-AC72A6105D36}.Debug|x86.ActiveCfg = Debug|Any CPU
		{37DE8EFD-5DCB-4C4C-B44A-AC72A6105D36}.Debug|x86.Build.0 = Debug|Any CPU
		{37DE8EFD-5DCB-4C4C-B44A-AC72A6105D36}.Release|Any CPU.ActiveCfg = Release|Any CPU
		{37DE8EFD-5DCB-4C4C-B44A-AC72A6105D36}.Release|Any CPU.Build.0 = Release|Any CPU
		{37DE8EFD-5DCB-4C4C-B44A-AC72A6105D36}.Release|x64.ActiveCfg = Release|Any CPU
		{37DE8EFD-5DCB-4C4C-B44A-AC72A6105D36}.Release|x64.Build.0 = Release|Any CPU
		{37DE8EFD-5DCB-4C4C-B44A-AC72A6105D36}.Release|x86.ActiveCfg = Release|Any CPU
		{37DE8EFD-5DCB-4C4C-B44A-AC72A6105D36}.Release|x86.Build.0 = Release|Any CPU
		{3014C322-8DF7-41DE-8318-0CADC312DD00}.Debug|Any CPU.ActiveCfg = Debug|Any CPU
		{3014C322-8DF7-41DE-8318-0CADC312DD00}.Debug|Any CPU.Build.0 = Debug|Any CPU
		{3014C322-8DF7-41DE-8318-0CADC312DD00}.Debug|x64.ActiveCfg = Debug|Any CPU
		{3014C322-8DF7-41DE-8318-0CADC312DD00}.Debug|x64.Build.0 = Debug|Any CPU
		{3014C322-8DF7-41DE-8318-0CADC312DD00}.Debug|x86.ActiveCfg = Debug|Any CPU
		{3014C322-8DF7-41DE-8318-0CADC312DD00}.Debug|x86.Build.0 = Debug|Any CPU
		{3014C322-8DF7-41DE-8318-0CADC312DD00}.Release|Any CPU.ActiveCfg = Release|Any CPU
		{3014C322-8DF7-41DE-8318-0CADC312DD00}.Release|Any CPU.Build.0 = Release|Any CPU
		{3014C322-8DF7-41DE-8318-0CADC312DD00}.Release|x64.ActiveCfg = Release|Any CPU
		{3014C322-8DF7-41DE-8318-0CADC312DD00}.Release|x64.Build.0 = Release|Any CPU
		{3014C322-8DF7-41DE-8318-0CADC312DD00}.Release|x86.ActiveCfg = Release|Any CPU
		{3014C322-8DF7-41DE-8318-0CADC312DD00}.Release|x86.Build.0 = Release|Any CPU
		{2B9FF089-B197-48FF-8D3D-7A1E695162FA}.Debug|Any CPU.ActiveCfg = Debug|Any CPU
		{2B9FF089-B197-48FF-8D3D-7A1E695162FA}.Debug|Any CPU.Build.0 = Debug|Any CPU
		{2B9FF089-B197-48FF-8D3D-7A1E695162FA}.Debug|x64.ActiveCfg = Debug|Any CPU
		{2B9FF089-B197-48FF-8D3D-7A1E695162FA}.Debug|x64.Build.0 = Debug|Any CPU
		{2B9FF089-B197-48FF-8D3D-7A1E695162FA}.Debug|x86.ActiveCfg = Debug|Any CPU
		{2B9FF089-B197-48FF-8D3D-7A1E695162FA}.Debug|x86.Build.0 = Debug|Any CPU
		{2B9FF089-B197-48FF-8D3D-7A1E695162FA}.Release|Any CPU.ActiveCfg = Release|Any CPU
		{2B9FF089-B197-48FF-8D3D-7A1E695162FA}.Release|Any CPU.Build.0 = Release|Any CPU
		{2B9FF089-B197-48FF-8D3D-7A1E695162FA}.Release|x64.ActiveCfg = Release|Any CPU
		{2B9FF089-B197-48FF-8D3D-7A1E695162FA}.Release|x64.Build.0 = Release|Any CPU
		{2B9FF089-B197-48FF-8D3D-7A1E695162FA}.Release|x86.ActiveCfg = Release|Any CPU
		{2B9FF089-B197-48FF-8D3D-7A1E695162FA}.Release|x86.Build.0 = Release|Any CPU
	EndGlobalSection
	GlobalSection(SolutionProperties) = preSolution
		HideSolutionNode = FALSE
	EndGlobalSection
	GlobalSection(NestedProjects) = preSolution
		{C23208E8-8311-47F7-A4AC-66F759C149B8} = {7484D486-D77A-450F-ADCC-36F4DE7359FA}
		{A04E6FE7-16FD-4265-A7BD-F79F3A2B41E3} = {EB136E01-D3A8-4E90-ABFC-AC2621B93E45}
		{888ACBE8-9CFA-47F4-9C2F-09CDFE4E9EF6} = {BF94045D-C98F-4F61-928B-CA1FE0409B0D}
		{FD7799DB-9DC9-47E9-86DA-CF25E9EEE714} = {817C4CB2-0561-4EDE-8568-2F5E87773173}
		{4372CEA9-C041-4862-9BC5-B5DB92E374FD} = {817C4CB2-0561-4EDE-8568-2F5E87773173}
		{8529C3C1-BC01-4DA7-9D78-9593C167F2F2} = {817C4CB2-0561-4EDE-8568-2F5E87773173}
		{C7CC61FC-3476-4A09-B025-93B7B50A4A74} = {817C4CB2-0561-4EDE-8568-2F5E87773173}
		{B4843465-CC0A-4429-A957-6F23DEF4508F} = {99D0C765-8284-4B4D-B2DC-91DABAE54941}
		{BF94045D-C98F-4F61-928B-CA1FE0409B0D} = {06F843DE-2D99-464F-AC3C-F87BB3C81DA0}
		{952C38E0-E895-4EC9-AD70-841EEAA4AC88} = {FD7799DB-9DC9-47E9-86DA-CF25E9EEE714}
		{AA91E899-E9B2-4D81-819D-43128BC74D03} = {4372CEA9-C041-4862-9BC5-B5DB92E374FD}
		{37DE8EFD-5DCB-4C4C-B44A-AC72A6105D36} = {15375A24-8D9A-4493-AC3A-517256BC20EE}
		{3014C322-8DF7-41DE-8318-0CADC312DD00} = {C7CC61FC-3476-4A09-B025-93B7B50A4A74}
		{2B9FF089-B197-48FF-8D3D-7A1E695162FA} = {8529C3C1-BC01-4DA7-9D78-9593C167F2F2}
	EndGlobalSection
	GlobalSection(ExtensibilityGlobals) = postSolution
		SolutionGuid = {4A7FE377-A2F2-49A9-9123-0EE16A7E46A6}
	EndGlobalSection
EndGlobal
